// !$*UTF8*$!
{
	archiveVersion = 1;
	classes = {
	};
	objectVersion = 46;
	objects = {

/* Begin PBXBuildFile section */
		95D87ECF1C92F9A900E6F6E7 /* AppDelegate.swift in Sources */ = {isa = PBXBuildFile; fileRef = 95D87ECE1C92F9A900E6F6E7 /* AppDelegate.swift */; };
		95D87ED11C92F9A900E6F6E7 /* ViewController.swift in Sources */ = {isa = PBXBuildFile; fileRef = 95D87ED01C92F9A900E6F6E7 /* ViewController.swift */; };
		95D87ED41C92F9A900E6F6E7 /* Main.storyboard in Resources */ = {isa = PBXBuildFile; fileRef = 95D87ED21C92F9A900E6F6E7 /* Main.storyboard */; };
		95D87ED61C92F9A900E6F6E7 /* Assets.xcassets in Resources */ = {isa = PBXBuildFile; fileRef = 95D87ED51C92F9A900E6F6E7 /* Assets.xcassets */; };
		95D87ED91C92F9A900E6F6E7 /* LaunchScreen.storyboard in Resources */ = {isa = PBXBuildFile; fileRef = 95D87ED71C92F9A900E6F6E7 /* LaunchScreen.storyboard */; };
		95D87EE11C92FA4400E6F6E7 /* btn.wav in Resources */ = {isa = PBXBuildFile; fileRef = 95D87EE01C92FA4400E6F6E7 /* btn.wav */; };
		95D87EE31C92FA5000E6F6E7 /* Minecraft.ttf in Resources */ = {isa = PBXBuildFile; fileRef = 95D87EE21C92FA5000E6F6E7 /* Minecraft.ttf */; };
/* End PBXBuildFile section */

/* Begin PBXFileReference section */
		95D87ECB1C92F9A900E6F6E7 /* retroCalc.app */ = {isa = PBXFileReference; explicitFileType = wrapper.application; includeInIndex = 0; path = retroCalc.app; sourceTree = BUILT_PRODUCTS_DIR; };
		95D87ECE1C92F9A900E6F6E7 /* AppDelegate.swift */ = {isa = PBXFileReference; lastKnownFileType = sourcecode.swift; path = AppDelegate.swift; sourceTree = "<group>"; };
		95D87ED01C92F9A900E6F6E7 /* ViewController.swift */ = {isa = PBXFileReference; lastKnownFileType = sourcecode.swift; path = ViewController.swift; sourceTree = "<group>"; };
		95D87ED31C92F9A900E6F6E7 /* Base */ = {isa = PBXFileReference; lastKnownFileType = file.storyboard; name = Base; path = Base.lproj/Main.storyboard; sourceTree = "<group>"; };
		95D87ED51C92F9A900E6F6E7 /* Assets.xcassets */ = {isa = PBXFileReference; lastKnownFileType = folder.assetcatalog; path = Assets.xcassets; sourceTree = "<group>"; };
		95D87ED81C92F9A900E6F6E7 /* Base */ = {isa = PBXFileReference; lastKnownFileType = file.storyboard; name = Base; path = Base.lproj/LaunchScreen.storyboard; sourceTree = "<group>"; };
		95D87EDA1C92F9A900E6F6E7 /* Info.plist */ = {isa = PBXFileReference; lastKnownFileType = text.plist.xml; path = Info.plist; sourceTree = "<group>"; };
		95D87EE01C92FA4400E6F6E7 /* btn.wav */ = {isa = PBXFileReference; lastKnownFileType = audio.wav; path = btn.wav; sourceTree = "<group>"; };
		95D87EE21C92FA5000E6F6E7 /* Minecraft.ttf */ = {isa = PBXFileReference; lastKnownFileType = file; path = Minecraft.ttf; sourceTree = "<group>"; };
/* End PBXFileReference section */

/* Begin PBXFrameworksBuildPhase section */
		95D87EC81C92F9A900E6F6E7 /* Frameworks */ = {
			isa = PBXFrameworksBuildPhase;
			buildActionMask = 2147483647;
			files = (
			);
			runOnlyForDeploymentPostprocessing = 0;
		};
/* End PBXFrameworksBuildPhase section */

/* Begin PBXGroup section */
		954AE72B1D05CB8200B6DC48 /* Controller */ = {
			isa = PBXGroup;
			children = (
				95D87ECE1C92F9A900E6F6E7 /* AppDelegate.swift */,
				95D87ED01C92F9A900E6F6E7 /* ViewController.swift */,
			);
			name = Controller;
			sourceTree = "<group>";
		};
		954AE72C1D05CB8A00B6DC48 /* View */ = {
			isa = PBXGroup;
			children = (
				95D87ED71C92F9A900E6F6E7 /* LaunchScreen.storyboard */,
				95D87ED21C92F9A900E6F6E7 /* Main.storyboard */,
			);
			name = View;
			sourceTree = "<group>";
		};
		954AE72D1D05CB8F00B6DC48 /* Model */ = {
			isa = PBXGroup;
			children = (
			);
			name = Model;
			sourceTree = "<group>";
		};
		954AE72E1D05CB9E00B6DC48 /* Assets */ = {
			isa = PBXGroup;
			children = (
				95D87EDA1C92F9A900E6F6E7 /* Info.plist */,
				95D87EE21C92FA5000E6F6E7 /* Minecraft.ttf */,
				95D87EE01C92FA4400E6F6E7 /* btn.wav */,
				95D87ED51C92F9A900E6F6E7 /* Assets.xcassets */,
			);
			name = Assets;
			sourceTree = "<group>";
		};
		95D87EC21C92F9A900E6F6E7 = {
			isa = PBXGroup;
			children = (
				95D87ECD1C92F9A900E6F6E7 /* retroCalc */,
				95D87ECC1C92F9A900E6F6E7 /* Products */,
			);
			sourceTree = "<group>";
		};
		95D87ECC1C92F9A900E6F6E7 /* Products */ = {
			isa = PBXGroup;
			children = (
				95D87ECB1C92F9A900E6F6E7 /* retroCalc.app */,
			);
			name = Products;
			sourceTree = "<group>";
		};
		95D87ECD1C92F9A900E6F6E7 /* retroCalc */ = {
			isa = PBXGroup;
			children = (
				954AE72D1D05CB8F00B6DC48 /* Model */,
				954AE72C1D05CB8A00B6DC48 /* View */,
				954AE72B1D05CB8200B6DC48 /* Controller */,
				954AE72E1D05CB9E00B6DC48 /* Assets */,
			);
			path = retroCalc;
			sourceTree = "<group>";
		};
/* End PBXGroup section */

/* Begin PBXNativeTarget section */
		95D87ECA1C92F9A900E6F6E7 /* retroCalc */ = {
			isa = PBXNativeTarget;
			buildConfigurationList = 95D87EDD1C92F9A900E6F6E7 /* Build configuration list for PBXNativeTarget "retroCalc" */;
			buildPhases = (
				95D87EC71C92F9A900E6F6E7 /* Sources */,
				95D87EC81C92F9A900E6F6E7 /* Frameworks */,
				95D87EC91C92F9A900E6F6E7 /* Resources */,
			);
			buildRules = (
			);
			dependencies = (
			);
			name = retroCalc;
			productName = retroCalc;
			productReference = 95D87ECB1C92F9A900E6F6E7 /* retroCalc.app */;
			productType = "com.apple.product-type.application";
		};
/* End PBXNativeTarget section */

/* Begin PBXProject section */
		95D87EC31C92F9A900E6F6E7 /* Project object */ = {
			isa = PBXProject;
			attributes = {
				LastSwiftUpdateCheck = 0710;
				LastUpgradeCheck = 0710;
				ORGANIZATIONNAME = "Jack Hider";
				TargetAttributes = {
					95D87ECA1C92F9A900E6F6E7 = {
						CreatedOnToolsVersion = 7.1.1;
					};
				};
			};
			buildConfigurationList = 95D87EC61C92F9A900E6F6E7 /* Build configuration list for PBXProject "retroCalc" */;
			compatibilityVersion = "Xcode 3.2";
			developmentRegion = English;
			hasScannedForEncodings = 0;
			knownRegions = (
				en,
				Base,
			);
			mainGroup = 95D87EC21C92F9A900E6F6E7;
			productRefGroup = 95D87ECC1C92F9A900E6F6E7 /* Products */;
			projectDirPath = "";
			projectRoot = "";
			targets = (
				95D87ECA1C92F9A900E6F6E7 /* retroCalc */,
			);
		};
/* End PBXProject section */

/* Begin PBXResourcesBuildPhase section */
		95D87EC91C92F9A900E6F6E7 /* Resources */ = {
			isa = PBXResourcesBuildPhase;
			buildActionMask = 2147483647;
			files = (
				95D87ED91C92F9A900E6F6E7 /* LaunchScreen.storyboard in Resources */,
				95D87ED61C92F9A900E6F6E7 /* Assets.xcassets in Resources */,
				95D87EE31C92FA5000E6F6E7 /* Minecraft.ttf in Resources */,
				95D87ED41C92F9A900E6F6E7 /* Main.storyboard in Resources */,
				95D87EE11C92FA4400E6F6E7 /* btn.wav in Resources */,
			);
			runOnlyForDeploymentPostprocessing = 0;
		};
/* End PBXResourcesBuildPhase section */

/* Begin PBXSourcesBuildPhase section */
		95D87EC71C92F9A900E6F6E7 /* Sources */ = {
			isa = PBXSourcesBuildPhase;
			buildActionMask = 2147483647;
			files = (
				95D87ED11C92F9A900E6F6E7 /* ViewController.swift in Sources */,
				95D87ECF1C92F9A900E6F6E7 /* AppDelegate.swift in Sources */,
			);
			runOnlyForDeploymentPostprocessing = 0;
		};
/* End PBXSourcesBuildPhase section */

/* Begin PBXVariantGroup section */
		95D87ED21C92F9A900E6F6E7 /* Main.storyboard */ = {
			isa = PBXVariantGroup;
			children = (
				95D87ED31C92F9A900E6F6E7 /* Base */,
			);
			name = Main.storyboard;
			sourceTree = "<group>";
		};
		95D87ED71C92F9A900E6F6E7 /* LaunchScreen.storyboard */ = {
			isa = PBXVariantGroup;
			children = (
				95D87ED81C92F9A900E6F6E7 /* Base */,
			);
			name = LaunchScreen.storyboard;
			sourceTree = "<group>";
		};
/* End PBXVariantGroup section */

/* Begin XCBuildConfiguration section */
		95D87EDB1C92F9A900E6F6E7 /* Debug */ = {
			isa = XCBuildConfiguration;
			buildSettings = {
				ALWAYS_SEARCH_USER_PATHS = NO;
				CLANG_CXX_LANGUAGE_STANDARD = "gnu++0x";
				CLANG_CXX_LIBRARY = "libc++";
				CLANG_ENABLE_MODULES = YES;
				CLANG_ENABLE_OBJC_ARC = YES;
				CLANG_WARN_BOOL_CONVERSION = YES;
				CLANG_WARN_CONSTANT_CONVERSION = YES;
				CLANG_WARN_DIRECT_OBJC_ISA_USAGE = YES_ERROR;
				CLANG_WARN_EMPTY_BODY = YES;
				CLANG_WARN_ENUM_CONVERSION = YES;
				CLANG_WARN_INT_CONVERSION = YES;
				CLANG_WARN_OBJC_ROOT_CLASS = YES_ERROR;
				CLANG_WARN_UNREACHABLE_CODE = YES;
				CLANG_WARN__DUPLICATE_METHOD_MATCH = YES;
				"CODE_SIGN_IDENTITY[sdk=iphoneos*]" = "iPhone Developer";
				COPY_PHASE_STRIP = NO;
				DEBUG_INFORMATION_FORMAT = dwarf;
				ENABLE_STRICT_OBJC_MSGSEND = YES;
				ENABLE_TESTABILITY = YES;
				GCC_C_LANGUAGE_STANDARD = gnu99;
				GCC_DYNAMIC_NO_PIC = NO;
				GCC_NO_COMMON_BLOCKS = YES;
				GCC_OPTIMIZATION_LEVEL = 0;
				GCC_PREPROCESSOR_DEFINITIONS = (
					"DEBUG=1",
					"$(inherited)",
				);
				GCC_WARN_64_TO_32_BIT_CONVERSION = YES;
				GCC_WARN_ABOUT_RETURN_TYPE = YES_ERROR;
				GCC_WARN_UNDECLARED_SELECTOR = YES;
				GCC_WARN_UNINITIALIZED_AUTOS = YES_AGGRESSIVE;
				GCC_WARN_UNUSED_FUNCTION = YES;
				GCC_WARN_UNUSED_VARIABLE = YES;
				IPHONEOS_DEPLOYMENT_TARGET = 9.1;
				MTL_ENABLE_DEBUG_INFO = YES;
				ONLY_ACTIVE_ARCH = YES;
				SDKROOT = iphoneos;
				SWIFT_OPTIMIZATION_LEVEL = "-Onone";
				TARGETED_DEVICE_FAMILY = "1,2";
			};
			name = Debug;
		};
		95D87EDC1C92F9A900E6F6E7 /* Release */ = {
			isa = XCBuildConfiguration;
			buildSettings = {
				ALWAYS_SEARCH_USER_PATHS = NO;
				CLANG_CXX_LANGUAGE_STANDARD = "gnu++0x";
				CLANG_CXX_LIBRARY = "libc++";
				CLANG_ENABLE_MODULES = YES;
				CLANG_ENABLE_OBJC_ARC = YES;
				CLANG_WARN_BOOL_CONVERSION = YES;
				CLANG_WARN_CONSTANT_CONVERSION = YES;
				CLANG_WARN_DIRECT_OBJC_ISA_USAGE = YES_ERROR;
				CLANG_WARN_EMPTY_BODY = YES;
				CLANG_WARN_ENUM_CONVERSION = YES;
				CLANG_WARN_INT_CONVERSION = YES;
				CLANG_WARN_OBJC_ROOT_CLASS = YES_ERROR;
				CLANG_WARN_UNREACHABLE_CODE = YES;
				CLANG_WARN__DUPLICATE_METHOD_MATCH = YES;
				"CODE_SIGN_IDENTITY[sdk=iphoneos*]" = "iPhone Developer";
				COPY_PHASE_STRIP = NO;
				DEBUG_INFORMATION_FORMAT = "dwarf-with-dsym";
				ENABLE_NS_ASSERTIONS = NO;
				ENABLE_STRICT_OBJC_MSGSEND = YES;
				GCC_C_LANGUAGE_STANDARD = gnu99;
				GCC_NO_COMMON_BLOCKS = YES;
				GCC_WARN_64_TO_32_BIT_CONVERSION = YES;
				GCC_WARN_ABOUT_RETURN_TYPE = YES_ERROR;
				GCC_WARN_UNDECLARED_SELECTOR = YES;
				GCC_WARN_UNINITIALIZED_AUTOS = YES_AGGRESSIVE;
				GCC_WARN_UNUSED_FUNCTION = YES;
				GCC_WARN_UNUSED_VARIABLE = YES;
				IPHONEOS_DEPLOYMENT_TARGET = 9.1;
				MTL_ENABLE_DEBUG_INFO = NO;
				SDKROOT = iphoneos;
				TARGETED_DEVICE_FAMILY = "1,2";
				VALIDATE_PRODUCT = YES;
			};
			name = Release;
		};
		95D87EDE1C92F9A900E6F6E7 /* Debug */ = {
			isa = XCBuildConfiguration;
			buildSettings = {
				ASSETCATALOG_COMPILER_APPICON_NAME = AppIcon;
				INFOPLIST_FILE = retroCalc/Info.plist;
				LD_RUNPATH_SEARCH_PATHS = "$(inherited) @executable_path/Frameworks";
				PRODUCT_BUNDLE_IDENTIFIER = uk.co.Redih.retroCalc;
				PRODUCT_NAME = "$(TARGET_NAME)";
			};
			name = Debug;
		};
		95D87EDF1C92F9A900E6F6E7 /* Release */ = {
			isa = XCBuildConfiguration;
			buildSettings = {
				ASSETCATALOG_COMPILER_APPICON_NAME = AppIcon;
				INFOPLIST_FILE = retroCalc/Info.plist;
				LD_RUNPATH_SEARCH_PATHS = "$(inherited) @executable_path/Frameworks";
				PRODUCT_BUNDLE_IDENTIFIER = uk.co.Redih.retroCalc;
				PRODUCT_NAME = "$(TARGET_NAME)";
			};
			name = Release;
		};
/* End XCBuildConfiguration section */

/* Begin XCConfigurationList section */
		95D87EC61C92F9A900E6F6E7 /* Build configuration list for PBXProject "retroCalc" */ = {
			isa = XCConfigurationList;
			buildConfigurations = (
				95D87EDB1C92F9A900E6F6E7 /* Debug */,
				95D87EDC1C92F9A900E6F6E7 /* Release */,
			);
			defaultConfigurationIsVisible = 0;
			defaultConfigurationName = Release;
		};
		95D87EDD1C92F9A900E6F6E7 /* Build configuration list for PBXNativeTarget "retroCalc" */ = {
			isa = XCConfigurationList;
			buildConfigurations = (
				95D87EDE1C92F9A900E6F6E7 /* Debug */,
				95D87EDF1C92F9A900E6F6E7 /* Release */,
			);
			defaultConfigurationIsVisible = 0;
			defaultConfigurationName = Release;
		};
/* End XCConfigurationList section */
	};
	rootObject = 95D87EC31C92F9A900E6F6E7 /* Project object */;
}
